
Microsoft Visual Studio Solution File, Format Version 11.00
# Visual Studio 2010
Project("{FAE04EC0-301F-11D3-BF4B-00C04F79EFBC}") = "Assembly-CSharp", "Assembly-CSharp.csproj", "{5A49480D-473A-3BE9-CD45-52AE371BA5E1}"
EndProject
Project("{FAE04EC0-301F-11D3-BF4B-00C04F79EFBC}") = "Assembly-CSharp-Editor", "Assembly-CSharp-Editor.csproj", "{DF1DF79D-F77D-B326-2449-0C07F6E342AF}"
EndProject
Global
	GlobalSection(SolutionConfigurationPlatforms) = preSolution
		Debug|Any CPU = Debug|Any CPU
		Release|Any CPU = Release|Any CPU
	EndGlobalSection
	GlobalSection(ProjectConfigurationPlatforms) = postSolution
		{5A49480D-473A-3BE9-CD45-52AE371BA5E1}.Debug|Any CPU.ActiveCfg = Debug|Any CPU
		{5A49480D-473A-3BE9-CD45-52AE371BA5E1}.Debug|Any CPU.Build.0 = Debug|Any CPU
		{5A49480D-473A-3BE9-CD45-52AE371BA5E1}.Release|Any CPU.ActiveCfg = Release|Any CPU
		{5A49480D-473A-3BE9-CD45-52AE371BA5E1}.Release|Any CPU.Build.0 = Release|Any CPU
		{DF1DF79D-F77D-B326-2449-0C07F6E342AF}.Debug|Any CPU.ActiveCfg = Debug|Any CPU
		{DF1DF79D-F77D-B326-2449-0C07F6E342AF}.Debug|Any CPU.Build.0 = Debug|Any CPU
		{DF1DF79D-F77D-B326-2449-0C07F6E342AF}.Release|Any CPU.ActiveCfg = Release|Any CPU
		{DF1DF79D-F77D-B326-2449-0C07F6E342AF}.Release|Any CPU.Build.0 = Release|Any CPU
	EndGlobalSection
	GlobalSection(SolutionProperties) = preSolution
		HideSolutionNode = FALSE
	EndGlobalSection
EndGlobal
